
Microsoft Visual Studio Solution File, Format Version 12.00
# Visual Studio Version 16
VisualStudioVersion = 16.0.30309.148
MinimumVisualStudioVersion = 10.0.40219.1
Project("{9A19103F-16F7-4668-BE54-9A1E7A4F7556}") = "Outkit", "Outkit\Outkit.csproj", "{74F7AA0D-151F-4171-AA86-559E4A1C8150}"
EndProject
Project("{FAE04EC0-301F-11D3-BF4B-00C04F79EFBC}") = "TestOutkit", "TestOutkit\TestOutkit.csproj", "{679007A6-2C67-490C-93A8-EFD1549FCC44}"
EndProject
Global
	GlobalSection(SolutionConfigurationPlatforms) = preSolution
		Debug|Any CPU = Debug|Any CPU
		Release|Any CPU = Release|Any CPU
	EndGlobalSection
	GlobalSection(ProjectConfigurationPlatforms) = postSolution
		{74F7AA0D-151F-4171-AA86-559E4A1C8150}.Debug|Any CPU.ActiveCfg = Debug|Any CPU
		{74F7AA0D-151F-4171-AA86-559E4A1C8150}.Debug|Any CPU.Build.0 = Debug|Any CPU
		{74F7AA0D-151F-4171-AA86-559E4A1C8150}.Release|Any CPU.ActiveCfg = Release|Any CPU
		{74F7AA0D-151F-4171-AA86-559E4A1C8150}.Release|Any CPU.Build.0 = Release|Any CPU
		{679007A6-2C67-490C-93A8-EFD1549FCC44}.Debug|Any CPU.ActiveCfg = Debug|Any CPU
		{679007A6-2C67-490C-93A8-EFD1549FCC44}.Debug|Any CPU.Build.0 = Debug|Any CPU
		{679007A6-2C67-490C-93A8-EFD1549FCC44}.Release|Any CPU.ActiveCfg = Release|Any CPU
		{679007A6-2C67-490C-93A8-EFD1549FCC44}.Release|Any CPU.Build.0 = Release|Any CPU
	EndGlobalSection
	GlobalSection(SolutionProperties) = preSolution
		HideSolutionNode = FALSE
	EndGlobalSection
	GlobalSection(ExtensibilityGlobals) = postSolution
		SolutionGuid = {D9CEF2DF-7A3F-4209-AE56-E3FEABCFF0BB}
	EndGlobalSection
EndGlobal
